PODS:
  - HysteriaPlayer (2.1.9)
  - JSONModel (1.3.0)
  - Masonry (1.0.1)
  - SDWebImage/Core (3.8.1)
  - SDWebImage/MapKit (3.8.1):
    - SDWebImage/Core

DEPENDENCIES:
  - HysteriaPlayer (~> 2.1.9)
  - JSONModel
  - Masonry
  - SDWebImage/MapKit

SPEC CHECKSUMS:
  HysteriaPlayer: 583c4cdfdd8e9016d1edffb3c1b945f8e1f1ecc5
  JSONModel: 81c06ecf99190a25fa6aafceea5faffa7880868a
  Masonry: a1a931a0d08870ed8ae415a2ea5ea68ebcac77df
  SDWebImage: 35f9627a3e44b4f292a8a8ce6a531fa488239b91

COCOAPODS: 0.39.0
